
Microsoft Visual Studio Solution File, Format Version 12.00
# Visual Studio Version 16
VisualStudioVersion = 16.0.30503.244
MinimumVisualStudioVersion = 10.0.40219.1
Project("{FAE04EC0-301F-11D3-BF4B-00C04F79EFBC}") = "Cau_1", "Cau_1\Cau_1.csproj", "{42664FD0-7F9A-45C6-AFD2-3163436669FB}"
EndProject
Global
	GlobalSection(SolutionConfigurationPlatforms) = preSolution
		Debug|Any CPU = Debug|Any CPU
		Release|Any CPU = Release|Any CPU
	EndGlobalSection
	GlobalSection(ProjectConfigurationPlatforms) = postSolution
		{42664FD0-7F9A-45C6-AFD2-3163436669FB}.Debug|Any CPU.ActiveCfg = Debug|Any CPU
		{42664FD0-7F9A-45C6-AFD2-3163436669FB}.Debug|Any CPU.Build.0 = Debug|Any CPU
		{42664FD0-7F9A-45C6-AFD2-3163436669FB}.Release|Any CPU.ActiveCfg = Release|Any CPU
		{42664FD0-7F9A-45C6-AFD2-3163436669FB}.Release|Any CPU.Build.0 = Release|Any CPU
	EndGlobalSection
	GlobalSection(SolutionProperties) = preSolution
		HideSolutionNode = FALSE
	EndGlobalSection
	GlobalSection(ExtensibilityGlobals) = postSolution
		SolutionGuid = {3806D45E-F773-4F60-9A47-D437271C26D1}
	EndGlobalSection
EndGlobal
